
Microsoft Visual Studio Solution File, Format Version 12.00
# Visual Studio Version 16
VisualStudioVersion = 16.0.31729.503
MinimumVisualStudioVersion = 10.0.40219.1
Project("{FAE04EC0-301F-11D3-BF4B-00C04F79EFBC}") = "Login", "Login\Login.csproj", "{EE6FBCD3-D844-45B5-80A0-B3235FD51291}"
EndProject
Project("{2150E333-8FDC-42A3-9474-1A3956D46DE8}") = "Solution Items", "Solution Items", "{F1C760A5-82DE-4518-98A8-9FF2496E0270}"
	ProjectSection(SolutionItems) = preProject
		patients.txt = patients.txt
		users.txt = users.txt
	EndProjectSection
EndProject
Global
	GlobalSection(SolutionConfigurationPlatforms) = preSolution
		Debug|Any CPU = Debug|Any CPU
		Release|Any CPU = Release|Any CPU
	EndGlobalSection
	GlobalSection(ProjectConfigurationPlatforms) = postSolution
		{EE6FBCD3-D844-45B5-80A0-B3235FD51291}.Debug|Any CPU.ActiveCfg = Debug|Any CPU
		{EE6FBCD3-D844-45B5-80A0-B3235FD51291}.Debug|Any CPU.Build.0 = Debug|Any CPU
		{EE6FBCD3-D844-45B5-80A0-B3235FD51291}.Release|Any CPU.ActiveCfg = Release|Any CPU
		{EE6FBCD3-D844-45B5-80A0-B3235FD51291}.Release|Any CPU.Build.0 = Release|Any CPU
	EndGlobalSection
	GlobalSection(SolutionProperties) = preSolution
		HideSolutionNode = FALSE
	EndGlobalSection
	GlobalSection(ExtensibilityGlobals) = postSolution
		SolutionGuid = {8E4A07B2-B81A-449E-89EF-D092B55BDD0A}
	EndGlobalSection
EndGlobal
